PackratFormat: 1.4
PackratVersion: 0.5.0
RVersion: 3.6.3
Repos: CRAN=https://cloud.r-project.org

Package: Rcpp
Source: CRAN
Version: 1.0.4
Hash: ed8b47781f96c8f2509bbedd3c61e395

Package: glue
Source: CRAN
Version: 1.3.2
Hash: fb50a5bde4eab383b1307003bbac25dd

Package: magrittr
Source: CRAN
Version: 1.5
Hash: bdc4d48c3135e8f3b399536ddf160df4

Package: packrat
Source: CRAN
Version: 0.5.0
Hash: 498643e765d1442ba7b1160a1df3abf9

Package: plyr
Source: CRAN
Version: 1.8.6
Hash: 7f30613e1e892ff804dfbf4cee5d96fb
Requires: Rcpp

Package: reshape2
Source: CRAN
Version: 1.4.3
Hash: 28a0f360dfdf44fc286ce1d9f7cd0ebf
Requires: Rcpp, plyr, stringr

Package: stringi
Source: CRAN
Version: 1.4.6
Hash: 076b0f115b37ca6d551ccff96b91114e

Package: stringr
Source: CRAN
Version: 1.4.0
Hash: 67da32dbb2a7a16f2ef124336358e54a
Requires: glue, magrittr, stringi
